// !$*UTF8*$!
{
	archiveVersion = 1;
	classes = {
	};
	objectVersion = 56;
	objects = {

/* Begin PBXBuildFile section */
		ED4B73192AF4E6CE004C5825 /* SwiftUi_BLEApp.swift in Sources */ = {isa = PBXBuildFile; fileRef = ED4B73182AF4E6CE004C5825 /* SwiftUi_BLEApp.swift */; };
		ED4B731B2AF4E6CE004C5825 /* BLEConnectionView.swift in Sources */ = {isa = PBXBuildFile; fileRef = ED4B731A2AF4E6CE004C5825 /* BLEConnectionView.swift */; };
		ED4B731D2AF4E6CF004C5825 /* Assets.xcassets in Resources */ = {isa = PBXBuildFile; fileRef = ED4B731C2AF4E6CF004C5825 /* Assets.xcassets */; };
		ED4B73202AF4E6CF004C5825 /* Preview Assets.xcassets in Resources */ = {isa = PBXBuildFile; fileRef = ED4B731F2AF4E6CF004C5825 /* Preview Assets.xcassets */; };
		ED4B732A2AF4E6CF004C5825 /* SwiftUi_BLETests.swift in Sources */ = {isa = PBXBuildFile; fileRef = ED4B73292AF4E6CF004C5825 /* SwiftUi_BLETests.swift */; };
		ED4B73342AF4E6CF004C5825 /* SwiftUi_BLEUITests.swift in Sources */ = {isa = PBXBuildFile; fileRef = ED4B73332AF4E6CF004C5825 /* SwiftUi_BLEUITests.swift */; };
		ED4B73362AF4E6CF004C5825 /* SwiftUi_BLEUITestsLaunchTests.swift in Sources */ = {isa = PBXBuildFile; fileRef = ED4B73352AF4E6CF004C5825 /* SwiftUi_BLEUITestsLaunchTests.swift */; };
		ED4B73432AF4E779004C5825 /* BLEManager.swift in Sources */ = {isa = PBXBuildFile; fileRef = ED4B73422AF4E779004C5825 /* BLEManager.swift */; };
		ED4B73462AF4E91E004C5825 /* BLEConnectionViewModel.swift in Sources */ = {isa = PBXBuildFile; fileRef = ED4B73452AF4E91E004C5825 /* BLEConnectionViewModel.swift */; };
		ED4B73482AF4EACF004C5825 /* BLEObjectViewModel.swift in Sources */ = {isa = PBXBuildFile; fileRef = ED4B73472AF4EACF004C5825 /* BLEObjectViewModel.swift */; };
		ED4B734A2AF4EB7A004C5825 /* Utilities.swift in Sources */ = {isa = PBXBuildFile; fileRef = ED4B73492AF4EB7A004C5825 /* Utilities.swift */; };
		ED4B734D2AF4EDB3004C5825 /* BLEObjectView.swift in Sources */ = {isa = PBXBuildFile; fileRef = ED4B734C2AF4EDB3004C5825 /* BLEObjectView.swift */; };
		ED4B73552AF52B10004C5825 /* UserNameInputView.swift in Sources */ = {isa = PBXBuildFile; fileRef = ED4B73522AF52B10004C5825 /* UserNameInputView.swift */; };
		ED4B73562AF52B10004C5825 /* Message.swift in Sources */ = {isa = PBXBuildFile; fileRef = ED4B73532AF52B10004C5825 /* Message.swift */; };
		ED4B73572AF52B10004C5825 /* ChatView.swift in Sources */ = {isa = PBXBuildFile; fileRef = ED4B73542AF52B10004C5825 /* ChatView.swift */; };
		ED4B73592AF52CE6004C5825 /* ChatViewModel.swift in Sources */ = {isa = PBXBuildFile; fileRef = ED4B73582AF52CE6004C5825 /* ChatViewModel.swift */; };
		ED4B735C2AF5300A004C5825 /* ChatBubbleView.swift in Sources */ = {isa = PBXBuildFile; fileRef = ED4B735B2AF5300A004C5825 /* ChatBubbleView.swift */; };
/* End PBXBuildFile section */

/* Begin PBXContainerItemProxy section */
		ED4B73262AF4E6CF004C5825 /* PBXContainerItemProxy */ = {
			isa = PBXContainerItemProxy;
			containerPortal = ED4B730D2AF4E6CE004C5825 /* Project object */;
			proxyType = 1;
			remoteGlobalIDString = ED4B73142AF4E6CE004C5825;
			remoteInfo = SwiftUi_BLE;
		};
		ED4B73302AF4E6CF004C5825 /* PBXContainerItemProxy */ = {
			isa = PBXContainerItemProxy;
			containerPortal = ED4B730D2AF4E6CE004C5825 /* Project object */;
			proxyType = 1;
			remoteGlobalIDString = ED4B73142AF4E6CE004C5825;
			remoteInfo = SwiftUi_BLE;
		};
/* End PBXContainerItemProxy section */

/* Begin PBXFileReference section */
		ED4B73152AF4E6CE004C5825 /* SwiftUi_BLE.app */ = {isa = PBXFileReference; explicitFileType = wrapper.application; includeInIndex = 0; path = SwiftUi_BLE.app; sourceTree = BUILT_PRODUCTS_DIR; };
		ED4B73182AF4E6CE004C5825 /* SwiftUi_BLEApp.swift */ = {isa = PBXFileReference; lastKnownFileType = sourcecode.swift; path = SwiftUi_BLEApp.swift; sourceTree = "<group>"; };
		ED4B731A2AF4E6CE004C5825 /* BLEConnectionView.swift */ = {isa = PBXFileReference; lastKnownFileType = sourcecode.swift; path = BLEConnectionView.swift; sourceTree = "<group>"; };
		ED4B731C2AF4E6CF004C5825 /* Assets.xcassets */ = {isa = PBXFileReference; lastKnownFileType = folder.assetcatalog; path = Assets.xcassets; sourceTree = "<group>"; };
		ED4B731F2AF4E6CF004C5825 /* Preview Assets.xcassets */ = {isa = PBXFileReference; lastKnownFileType = folder.assetcatalog; path = "Preview Assets.xcassets"; sourceTree = "<group>"; };
		ED4B73252AF4E6CF004C5825 /* SwiftUi_BLETests.xctest */ = {isa = PBXFileReference; explicitFileType = wrapper.cfbundle; includeInIndex = 0; path = SwiftUi_BLETests.xctest; sourceTree = BUILT_PRODUCTS_DIR; };
		ED4B73292AF4E6CF004C5825 /* SwiftUi_BLETests.swift */ = {isa = PBXFileReference; lastKnownFileType = sourcecode.swift; path = SwiftUi_BLETests.swift; sourceTree = "<group>"; };
		ED4B732F2AF4E6CF004C5825 /* SwiftUi_BLEUITests.xctest */ = {isa = PBXFileReference; explicitFileType = wrapper.cfbundle; includeInIndex = 0; path = SwiftUi_BLEUITests.xctest; sourceTree = BUILT_PRODUCTS_DIR; };
		ED4B73332AF4E6CF004C5825 /* SwiftUi_BLEUITests.swift */ = {isa = PBXFileReference; lastKnownFileType = sourcecode.swift; path = SwiftUi_BLEUITests.swift; sourceTree = "<group>"; };
		ED4B73352AF4E6CF004C5825 /* SwiftUi_BLEUITestsLaunchTests.swift */ = {isa = PBXFileReference; lastKnownFileType = sourcecode.swift; path = SwiftUi_BLEUITestsLaunchTests.swift; sourceTree = "<group>"; };
		ED4B73422AF4E779004C5825 /* BLEManager.swift */ = {isa = PBXFileReference; fileEncoding = 4; lastKnownFileType = sourcecode.swift; path = BLEManager.swift; sourceTree = "<group>"; };
		ED4B73452AF4E91E004C5825 /* BLEConnectionViewModel.swift */ = {isa = PBXFileReference; lastKnownFileType = sourcecode.swift; path = BLEConnectionViewModel.swift; sourceTree = "<group>"; };
		ED4B73472AF4EACF004C5825 /* BLEObjectViewModel.swift */ = {isa = PBXFileReference; lastKnownFileType = sourcecode.swift; path = BLEObjectViewModel.swift; sourceTree = "<group>"; };
		ED4B73492AF4EB7A004C5825 /* Utilities.swift */ = {isa = PBXFileReference; fileEncoding = 4; lastKnownFileType = sourcecode.swift; path = Utilities.swift; sourceTree = "<group>"; };
		ED4B734C2AF4EDB3004C5825 /* BLEObjectView.swift */ = {isa = PBXFileReference; lastKnownFileType = sourcecode.swift; path = BLEObjectView.swift; sourceTree = "<group>"; };
		ED4B73522AF52B10004C5825 /* UserNameInputView.swift */ = {isa = PBXFileReference; fileEncoding = 4; lastKnownFileType = sourcecode.swift; path = UserNameInputView.swift; sourceTree = "<group>"; };
		ED4B73532AF52B10004C5825 /* Message.swift */ = {isa = PBXFileReference; fileEncoding = 4; lastKnownFileType = sourcecode.swift; path = Message.swift; sourceTree = "<group>"; };
		ED4B73542AF52B10004C5825 /* ChatView.swift */ = {isa = PBXFileReference; fileEncoding = 4; lastKnownFileType = sourcecode.swift; path = ChatView.swift; sourceTree = "<group>"; };
		ED4B73582AF52CE6004C5825 /* ChatViewModel.swift */ = {isa = PBXFileReference; lastKnownFileType = sourcecode.swift; path = ChatViewModel.swift; sourceTree = "<group>"; };
		ED4B735B2AF5300A004C5825 /* ChatBubbleView.swift */ = {isa = PBXFileReference; lastKnownFileType = sourcecode.swift; path = ChatBubbleView.swift; sourceTree = "<group>"; };
/* End PBXFileReference section */

/* Begin PBXFrameworksBuildPhase section */
		ED4B73122AF4E6CE004C5825 /* Frameworks */ = {
			isa = PBXFrameworksBuildPhase;
			buildActionMask = 2147483647;
			files = (
			);
			runOnlyForDeploymentPostprocessing = 0;
		};
		ED4B73222AF4E6CF004C5825 /* Frameworks */ = {
			isa = PBXFrameworksBuildPhase;
			buildActionMask = 2147483647;
			files = (
			);
			runOnlyForDeploymentPostprocessing = 0;
		};
		ED4B732C2AF4E6CF004C5825 /* Frameworks */ = {
			isa = PBXFrameworksBuildPhase;
			buildActionMask = 2147483647;
			files = (
			);
			runOnlyForDeploymentPostprocessing = 0;
		};
/* End PBXFrameworksBuildPhase section */

/* Begin PBXGroup section */
		ED4B730C2AF4E6CE004C5825 = {
			isa = PBXGroup;
			children = (
				ED4B73172AF4E6CE004C5825 /* SwiftUi_BLE */,
				ED4B73282AF4E6CF004C5825 /* SwiftUi_BLETests */,
				ED4B73322AF4E6CF004C5825 /* SwiftUi_BLEUITests */,
				ED4B73162AF4E6CE004C5825 /* Products */,
			);
			sourceTree = "<group>";
		};
		ED4B73162AF4E6CE004C5825 /* Products */ = {
			isa = PBXGroup;
			children = (
				ED4B73152AF4E6CE004C5825 /* SwiftUi_BLE.app */,
				ED4B73252AF4E6CF004C5825 /* SwiftUi_BLETests.xctest */,
				ED4B732F2AF4E6CF004C5825 /* SwiftUi_BLEUITests.xctest */,
			);
			name = Products;
			sourceTree = "<group>";
		};
		ED4B73172AF4E6CE004C5825 /* SwiftUi_BLE */ = {
			isa = PBXGroup;
			children = (
				ED4B735A2AF52FF9004C5825 /* Components */,
				ED4B73492AF4EB7A004C5825 /* Utilities.swift */,
				ED4B73512AF52B10004C5825 /* Chat */,
				ED4B73442AF4E903004C5825 /* BLE */,
				ED4B73182AF4E6CE004C5825 /* SwiftUi_BLEApp.swift */,
				ED4B731C2AF4E6CF004C5825 /* Assets.xcassets */,
				ED4B731E2AF4E6CF004C5825 /* Preview Content */,
			);
			path = SwiftUi_BLE;
			sourceTree = "<group>";
		};
		ED4B731E2AF4E6CF004C5825 /* Preview Content */ = {
			isa = PBXGroup;
			children = (
				ED4B731F2AF4E6CF004C5825 /* Preview Assets.xcassets */,
			);
			path = "Preview Content";
			sourceTree = "<group>";
		};
		ED4B73282AF4E6CF004C5825 /* SwiftUi_BLETests */ = {
			isa = PBXGroup;
			children = (
				ED4B73292AF4E6CF004C5825 /* SwiftUi_BLETests.swift */,
			);
			path = SwiftUi_BLETests;
			sourceTree = "<group>";
		};
		ED4B73322AF4E6CF004C5825 /* SwiftUi_BLEUITests */ = {
			isa = PBXGroup;
			children = (
				ED4B73332AF4E6CF004C5825 /* SwiftUi_BLEUITests.swift */,
				ED4B73352AF4E6CF004C5825 /* SwiftUi_BLEUITestsLaunchTests.swift */,
			);
			path = SwiftUi_BLEUITests;
			sourceTree = "<group>";
		};
		ED4B73442AF4E903004C5825 /* BLE */ = {
			isa = PBXGroup;
			children = (
				ED4B734B2AF4ED7A004C5825 /* Cell */,
				ED4B731A2AF4E6CE004C5825 /* BLEConnectionView.swift */,
				ED4B73452AF4E91E004C5825 /* BLEConnectionViewModel.swift */,
				ED4B73422AF4E779004C5825 /* BLEManager.swift */,
			);
			path = BLE;
			sourceTree = "<group>";
		};
		ED4B734B2AF4ED7A004C5825 /* Cell */ = {
			isa = PBXGroup;
			children = (
				ED4B734C2AF4EDB3004C5825 /* BLEObjectView.swift */,
				ED4B73472AF4EACF004C5825 /* BLEObjectViewModel.swift */,
			);
			path = Cell;
			sourceTree = "<group>";
		};
		ED4B73512AF52B10004C5825 /* Chat */ = {
			isa = PBXGroup;
			children = (
				ED4B73532AF52B10004C5825 /* Message.swift */,
				ED4B73542AF52B10004C5825 /* ChatView.swift */,
				ED4B73582AF52CE6004C5825 /* ChatViewModel.swift */,
			);
			path = Chat;
			sourceTree = "<group>";
		};
		ED4B735A2AF52FF9004C5825 /* Components */ = {
			isa = PBXGroup;
			children = (
				ED4B735B2AF5300A004C5825 /* ChatBubbleView.swift */,
				ED4B73522AF52B10004C5825 /* UserNameInputView.swift */,
			);
			path = Components;
			sourceTree = "<group>";
		};
/* End PBXGroup section */

/* Begin PBXNativeTarget section */
		ED4B73142AF4E6CE004C5825 /* SwiftUi_BLE */ = {
			isa = PBXNativeTarget;
			buildConfigurationList = ED4B73392AF4E6CF004C5825 /* Build configuration list for PBXNativeTarget "SwiftUi_BLE" */;
			buildPhases = (
				ED4B73112AF4E6CE004C5825 /* Sources */,
				ED4B73122AF4E6CE004C5825 /* Frameworks */,
				ED4B73132AF4E6CE004C5825 /* Resources */,
			);
			buildRules = (
			);
			dependencies = (
			);
			name = SwiftUi_BLE;
			productName = SwiftUi_BLE;
			productReference = ED4B73152AF4E6CE004C5825 /* SwiftUi_BLE.app */;
			productType = "com.apple.product-type.application";
		};
		ED4B73242AF4E6CF004C5825 /* SwiftUi_BLETests */ = {
			isa = PBXNativeTarget;
			buildConfigurationList = ED4B733C2AF4E6CF004C5825 /* Build configuration list for PBXNativeTarget "SwiftUi_BLETests" */;
			buildPhases = (
				ED4B73212AF4E6CF004C5825 /* Sources */,
				ED4B73222AF4E6CF004C5825 /* Frameworks */,
				ED4B73232AF4E6CF004C5825 /* Resources */,
			);
			buildRules = (
			);
			dependencies = (
				ED4B73272AF4E6CF004C5825 /* PBXTargetDependency */,
			);
			name = SwiftUi_BLETests;
			productName = SwiftUi_BLETests;
			productReference = ED4B73252AF4E6CF004C5825 /* SwiftUi_BLETests.xctest */;
			productType = "com.apple.product-type.bundle.unit-test";
		};
		ED4B732E2AF4E6CF004C5825 /* SwiftUi_BLEUITests */ = {
			isa = PBXNativeTarget;
			buildConfigurationList = ED4B733F2AF4E6CF004C5825 /* Build configuration list for PBXNativeTarget "SwiftUi_BLEUITests" */;
			buildPhases = (
				ED4B732B2AF4E6CF004C5825 /* Sources */,
				ED4B732C2AF4E6CF004C5825 /* Frameworks */,
				ED4B732D2AF4E6CF004C5825 /* Resources */,
			);
			buildRules = (
			);
			dependencies = (
				ED4B73312AF4E6CF004C5825 /* PBXTargetDependency */,
			);
			name = SwiftUi_BLEUITests;
			productName = SwiftUi_BLEUITests;
			productReference = ED4B732F2AF4E6CF004C5825 /* SwiftUi_BLEUITests.xctest */;
			productType = "com.apple.product-type.bundle.ui-testing";
		};
/* End PBXNativeTarget section */

/* Begin PBXProject section */
		ED4B730D2AF4E6CE004C5825 /* Project object */ = {
			isa = PBXProject;
			attributes = {
				BuildIndependentTargetsInParallel = 1;
				LastSwiftUpdateCheck = 1500;
				LastUpgradeCheck = 1500;
				TargetAttributes = {
					ED4B73142AF4E6CE004C5825 = {
						CreatedOnToolsVersion = 15.0.1;
					};
					ED4B73242AF4E6CF004C5825 = {
						CreatedOnToolsVersion = 15.0.1;
						TestTargetID = ED4B73142AF4E6CE004C5825;
					};
					ED4B732E2AF4E6CF004C5825 = {
						CreatedOnToolsVersion = 15.0.1;
						TestTargetID = ED4B73142AF4E6CE004C5825;
					};
				};
			};
			buildConfigurationList = ED4B73102AF4E6CE004C5825 /* Build configuration list for PBXProject "SwiftUi_BLE" */;
			compatibilityVersion = "Xcode 14.0";
			developmentRegion = en;
			hasScannedForEncodings = 0;
			knownRegions = (
				en,
				Base,
			);
			mainGroup = ED4B730C2AF4E6CE004C5825;
			productRefGroup = ED4B73162AF4E6CE004C5825 /* Products */;
			projectDirPath = "";
			projectRoot = "";
			targets = (
				ED4B73142AF4E6CE004C5825 /* SwiftUi_BLE */,
				ED4B73242AF4E6CF004C5825 /* SwiftUi_BLETests */,
				ED4B732E2AF4E6CF004C5825 /* SwiftUi_BLEUITests */,
			);
		};
/* End PBXProject section */

/* Begin PBXResourcesBuildPhase section */
		ED4B73132AF4E6CE004C5825 /* Resources */ = {
			isa = PBXResourcesBuildPhase;
			buildActionMask = 2147483647;
			files = (
				ED4B73202AF4E6CF004C5825 /* Preview Assets.xcassets in Resources */,
				ED4B731D2AF4E6CF004C5825 /* Assets.xcassets in Resources */,
			);
			runOnlyForDeploymentPostprocessing = 0;
		};
		ED4B73232AF4E6CF004C5825 /* Resources */ = {
			isa = PBXResourcesBuildPhase;
			buildActionMask = 2147483647;
			files = (
			);
			runOnlyForDeploymentPostprocessing = 0;
		};
		ED4B732D2AF4E6CF004C5825 /* Resources */ = {
			isa = PBXResourcesBuildPhase;
			buildActionMask = 2147483647;
			files = (
			);
			runOnlyForDeploymentPostprocessing = 0;
		};
/* End PBXResourcesBuildPhase section */

/* Begin PBXSourcesBuildPhase section */
		ED4B73112AF4E6CE004C5825 /* Sources */ = {
			isa = PBXSourcesBuildPhase;
			buildActionMask = 2147483647;
			files = (
				ED4B734D2AF4EDB3004C5825 /* BLEObjectView.swift in Sources */,
				ED4B734A2AF4EB7A004C5825 /* Utilities.swift in Sources */,
				ED4B73572AF52B10004C5825 /* ChatView.swift in Sources */,
				ED4B73482AF4EACF004C5825 /* BLEObjectViewModel.swift in Sources */,
				ED4B73562AF52B10004C5825 /* Message.swift in Sources */,
				ED4B731B2AF4E6CE004C5825 /* BLEConnectionView.swift in Sources */,
				ED4B73432AF4E779004C5825 /* BLEManager.swift in Sources */,
				ED4B735C2AF5300A004C5825 /* ChatBubbleView.swift in Sources */,
				ED4B73552AF52B10004C5825 /* UserNameInputView.swift in Sources */,
				ED4B73462AF4E91E004C5825 /* BLEConnectionViewModel.swift in Sources */,
				ED4B73592AF52CE6004C5825 /* ChatViewModel.swift in Sources */,
				ED4B73192AF4E6CE004C5825 /* SwiftUi_BLEApp.swift in Sources */,
			);
			runOnlyForDeploymentPostprocessing = 0;
		};
		ED4B73212AF4E6CF004C5825 /* Sources */ = {
			isa = PBXSourcesBuildPhase;
			buildActionMask = 2147483647;
			files = (
				ED4B732A2AF4E6CF004C5825 /* SwiftUi_BLETests.swift in Sources */,
			);
			runOnlyForDeploymentPostprocessing = 0;
		};
		ED4B732B2AF4E6CF004C5825 /* Sources */ = {
			isa = PBXSourcesBuildPhase;
			buildActionMask = 2147483647;
			files = (
				ED4B73362AF4E6CF004C5825 /* SwiftUi_BLEUITestsLaunchTests.swift in Sources */,
				ED4B73342AF4E6CF004C5825 /* SwiftUi_BLEUITests.swift in Sources */,
			);
			runOnlyForDeploymentPostprocessing = 0;
		};
/* End PBXSourcesBuildPhase section */

/* Begin PBXTargetDependency section */
		ED4B73272AF4E6CF004C5825 /* PBXTargetDependency */ = {
			isa = PBXTargetDependency;
			target = ED4B73142AF4E6CE004C5825 /* SwiftUi_BLE */;
			targetProxy = ED4B73262AF4E6CF004C5825 /* PBXContainerItemProxy */;
		};
		ED4B73312AF4E6CF004C5825 /* PBXTargetDependency */ = {
			isa = PBXTargetDependency;
			target = ED4B73142AF4E6CE004C5825 /* SwiftUi_BLE */;
			targetProxy = ED4B73302AF4E6CF004C5825 /* PBXContainerItemProxy */;
		};
/* End PBXTargetDependency section */

/* Begin XCBuildConfiguration section */
		ED4B73372AF4E6CF004C5825 /* Debug */ = {
			isa = XCBuildConfiguration;
			buildSettings = {
				ALWAYS_SEARCH_USER_PATHS = NO;
				ASSETCATALOG_COMPILER_GENERATE_SWIFT_ASSET_SYMBOL_EXTENSIONS = YES;
				CLANG_ANALYZER_NONNULL = YES;
				CLANG_ANALYZER_NUMBER_OBJECT_CONVERSION = YES_AGGRESSIVE;
				CLANG_CXX_LANGUAGE_STANDARD = "gnu++20";
				CLANG_ENABLE_MODULES = YES;
				CLANG_ENABLE_OBJC_ARC = YES;
				CLANG_ENABLE_OBJC_WEAK = YES;
				CLANG_WARN_BLOCK_CAPTURE_AUTORELEASING = YES;
				CLANG_WARN_BOOL_CONVERSION = YES;
				CLANG_WARN_COMMA = YES;
				CLANG_WARN_CONSTANT_CONVERSION = YES;
				CLANG_WARN_DEPRECATED_OBJC_IMPLEMENTATIONS = YES;
				CLANG_WARN_DIRECT_OBJC_ISA_USAGE = YES_ERROR;
				CLANG_WARN_DOCUMENTATION_COMMENTS = YES;
				CLANG_WARN_EMPTY_BODY = YES;
				CLANG_WARN_ENUM_CONVERSION = YES;
				CLANG_WARN_INFINITE_RECURSION = YES;
				CLANG_WARN_INT_CONVERSION = YES;
				CLANG_WARN_NON_LITERAL_NULL_CONVERSION = YES;
				CLANG_WARN_OBJC_IMPLICIT_RETAIN_SELF = YES;
				CLANG_WARN_OBJC_LITERAL_CONVERSION = YES;
				CLANG_WARN_OBJC_ROOT_CLASS = YES_ERROR;
				CLANG_WARN_QUOTED_INCLUDE_IN_FRAMEWORK_HEADER = YES;
				CLANG_WARN_RANGE_LOOP_ANALYSIS = YES;
				CLANG_WARN_STRICT_PROTOTYPES = YES;
				CLANG_WARN_SUSPICIOUS_MOVE = YES;
				CLANG_WARN_UNGUARDED_AVAILABILITY = YES_AGGRESSIVE;
				CLANG_WARN_UNREACHABLE_CODE = YES;
				CLANG_WARN__DUPLICATE_METHOD_MATCH = YES;
				COPY_PHASE_STRIP = NO;
				DEBUG_INFORMATION_FORMAT = dwarf;
				ENABLE_STRICT_OBJC_MSGSEND = YES;
				ENABLE_TESTABILITY = YES;
				ENABLE_USER_SCRIPT_SANDBOXING = YES;
				GCC_C_LANGUAGE_STANDARD = gnu17;
				GCC_DYNAMIC_NO_PIC = NO;
				GCC_NO_COMMON_BLOCKS = YES;
				GCC_OPTIMIZATION_LEVEL = 0;
				GCC_PREPROCESSOR_DEFINITIONS = (
					"DEBUG=1",
					"$(inherited)",
				);
				GCC_WARN_64_TO_32_BIT_CONVERSION = YES;
				GCC_WARN_ABOUT_RETURN_TYPE = YES_ERROR;
				GCC_WARN_UNDECLARED_SELECTOR = YES;
				GCC_WARN_UNINITIALIZED_AUTOS = YES_AGGRESSIVE;
				GCC_WARN_UNUSED_FUNCTION = YES;
				GCC_WARN_UNUSED_VARIABLE = YES;
				IPHONEOS_DEPLOYMENT_TARGET = 17.0;
				LOCALIZATION_PREFERS_STRING_CATALOGS = YES;
				MTL_ENABLE_DEBUG_INFO = INCLUDE_SOURCE;
				MTL_FAST_MATH = YES;
				ONLY_ACTIVE_ARCH = YES;
				SDKROOT = iphoneos;
				SWIFT_ACTIVE_COMPILATION_CONDITIONS = "DEBUG $(inherited)";
				SWIFT_OPTIMIZATION_LEVEL = "-Onone";
			};
			name = Debug;
		};
		ED4B73382AF4E6CF004C5825 /* Release */ = {
			isa = XCBuildConfiguration;
			buildSettings = {
				ALWAYS_SEARCH_USER_PATHS = NO;
				ASSETCATALOG_COMPILER_GENERATE_SWIFT_ASSET_SYMBOL_EXTENSIONS = YES;
				CLANG_ANALYZER_NONNULL = YES;
				CLANG_ANALYZER_NUMBER_OBJECT_CONVERSION = YES_AGGRESSIVE;
				CLANG_CXX_LANGUAGE_STANDARD = "gnu++20";
				CLANG_ENABLE_MODULES = YES;
				CLANG_ENABLE_OBJC_ARC = YES;
				CLANG_ENABLE_OBJC_WEAK = YES;
				CLANG_WARN_BLOCK_CAPTURE_AUTORELEASING = YES;
				CLANG_WARN_BOOL_CONVERSION = YES;
				CLANG_WARN_COMMA = YES;
				CLANG_WARN_CONSTANT_CONVERSION = YES;
				CLANG_WARN_DEPRECATED_OBJC_IMPLEMENTATIONS = YES;
				CLANG_WARN_DIRECT_OBJC_ISA_USAGE = YES_ERROR;
				CLANG_WARN_DOCUMENTATION_COMMENTS = YES;
				CLANG_WARN_EMPTY_BODY = YES;
				CLANG_WARN_ENUM_CONVERSION = YES;
				CLANG_WARN_INFINITE_RECURSION = YES;
				CLANG_WARN_INT_CONVERSION = YES;
				CLANG_WARN_NON_LITERAL_NULL_CONVERSION = YES;
				CLANG_WARN_OBJC_IMPLICIT_RETAIN_SELF = YES;
				CLANG_WARN_OBJC_LITERAL_CONVERSION = YES;
				CLANG_WARN_OBJC_ROOT_CLASS = YES_ERROR;
				CLANG_WARN_QUOTED_INCLUDE_IN_FRAMEWORK_HEADER = YES;
				CLANG_WARN_RANGE_LOOP_ANALYSIS = YES;
				CLANG_WARN_STRICT_PROTOTYPES = YES;
				CLANG_WARN_SUSPICIOUS_MOVE = YES;
				CLANG_WARN_UNGUARDED_AVAILABILITY = YES_AGGRESSIVE;
				CLANG_WARN_UNREACHABLE_CODE = YES;
				CLANG_WARN__DUPLICATE_METHOD_MATCH = YES;
				COPY_PHASE_STRIP = NO;
				DEBUG_INFORMATION_FORMAT = "dwarf-with-dsym";
				ENABLE_NS_ASSERTIONS = NO;
				ENABLE_STRICT_OBJC_MSGSEND = YES;
				ENABLE_USER_SCRIPT_SANDBOXING = YES;
				GCC_C_LANGUAGE_STANDARD = gnu17;
				GCC_NO_COMMON_BLOCKS = YES;
				GCC_WARN_64_TO_32_BIT_CONVERSION = YES;
				GCC_WARN_ABOUT_RETURN_TYPE = YES_ERROR;
				GCC_WARN_UNDECLARED_SELECTOR = YES;
				GCC_WARN_UNINITIALIZED_AUTOS = YES_AGGRESSIVE;
				GCC_WARN_UNUSED_FUNCTION = YES;
				GCC_WARN_UNUSED_VARIABLE = YES;
				IPHONEOS_DEPLOYMENT_TARGET = 17.0;
				LOCALIZATION_PREFERS_STRING_CATALOGS = YES;
				MTL_ENABLE_DEBUG_INFO = NO;
				MTL_FAST_MATH = YES;
				SDKROOT = iphoneos;
				SWIFT_COMPILATION_MODE = wholemodule;
				VALIDATE_PRODUCT = YES;
			};
			name = Release;
		};
		ED4B733A2AF4E6CF004C5825 /* Debug */ = {
			isa = XCBuildConfiguration;
			buildSettings = {
				ASSETCATALOG_COMPILER_APPICON_NAME = AppIcon;
				ASSETCATALOG_COMPILER_GLOBAL_ACCENT_COLOR_NAME = AccentColor;
				CODE_SIGN_STYLE = Automatic;
				CURRENT_PROJECT_VERSION = 1;
				DEVELOPMENT_ASSET_PATHS = "\"SwiftUi_BLE/Preview Content\"";
				DEVELOPMENT_TEAM = Z42GVB6VX2;
				ENABLE_PREVIEWS = YES;
				GENERATE_INFOPLIST_FILE = YES;
				INFOPLIST_KEY_NSBluetoothAlwaysUsageDescription = "";
				INFOPLIST_KEY_UIApplicationSceneManifest_Generation = YES;
				INFOPLIST_KEY_UIApplicationSupportsIndirectInputEvents = YES;
				INFOPLIST_KEY_UILaunchScreen_Generation = YES;
				INFOPLIST_KEY_UISupportedInterfaceOrientations_iPad = "UIInterfaceOrientationPortrait UIInterfaceOrientationPortraitUpsideDown UIInterfaceOrientationLandscapeLeft UIInterfaceOrientationLandscapeRight";
				INFOPLIST_KEY_UISupportedInterfaceOrientations_iPhone = "UIInterfaceOrientationPortrait UIInterfaceOrientationLandscapeLeft UIInterfaceOrientationLandscapeRight";
				LD_RUNPATH_SEARCH_PATHS = (
					"$(inherited)",
					"@executable_path/Frameworks",
				);
				MARKETING_VERSION = 1.0;
				PRODUCT_BUNDLE_IDENTIFIER = "com.mathisViollet.SwiftUI-CoreML";
				PRODUCT_NAME = "$(TARGET_NAME)";
				SWIFT_EMIT_LOC_STRINGS = YES;
				SWIFT_VERSION = 5.0;
				TARGETED_DEVICE_FAMILY = "1,2";
			};
			name = Debug;
		};
		ED4B733B2AF4E6CF004C5825 /* Release */ = {
			isa = XCBuildConfiguration;
			buildSettings = {
				ASSETCATALOG_COMPILER_APPICON_NAME = AppIcon;
				ASSETCATALOG_COMPILER_GLOBAL_ACCENT_COLOR_NAME = AccentColor;
				CODE_SIGN_STYLE = Automatic;
				CURRENT_PROJECT_VERSION = 1;
				DEVELOPMENT_ASSET_PATHS = "\"SwiftUi_BLE/Preview Content\"";
				DEVELOPMENT_TEAM = Z42GVB6VX2;
				ENABLE_PREVIEWS = YES;
				GENERATE_INFOPLIST_FILE = YES;
				INFOPLIST_KEY_NSBluetoothAlwaysUsageDescription = "";
				INFOPLIST_KEY_UIApplicationSceneManifest_Generation = YES;
				INFOPLIST_KEY_UIApplicationSupportsIndirectInputEvents = YES;
				INFOPLIST_KEY_UILaunchScreen_Generation = YES;
				INFOPLIST_KEY_UISupportedInterfaceOrientations_iPad = "UIInterfaceOrientationPortrait UIInterfaceOrientationPortraitUpsideDown UIInterfaceOrientationLandscapeLeft UIInterfaceOrientationLandscapeRight";
				INFOPLIST_KEY_UISupportedInterfaceOrientations_iPhone = "UIInterfaceOrientationPortrait UIInterfaceOrientationLandscapeLeft UIInterfaceOrientationLandscapeRight";
				LD_RUNPATH_SEARCH_PATHS = (
					"$(inherited)",
					"@executable_path/Frameworks",
				);
				MARKETING_VERSION = 1.0;
				PRODUCT_BUNDLE_IDENTIFIER = "com.mathisViollet.SwiftUI-CoreML";
				PRODUCT_NAME = "$(TARGET_NAME)";
				SWIFT_EMIT_LOC_STRINGS = YES;
				SWIFT_VERSION = 5.0;
				TARGETED_DEVICE_FAMILY = "1,2";
			};
			name = Release;
		};
		ED4B733D2AF4E6CF004C5825 /* Debug */ = {
			isa = XCBuildConfiguration;
			buildSettings = {
				ALWAYS_EMBED_SWIFT_STANDARD_LIBRARIES = YES;
				BUNDLE_LOADER = "$(TEST_HOST)";
				CODE_SIGN_STYLE = Automatic;
				CURRENT_PROJECT_VERSION = 1;
				DEVELOPMENT_TEAM = Z42GVB6VX2;
				GENERATE_INFOPLIST_FILE = YES;
				IPHONEOS_DEPLOYMENT_TARGET = 17.0;
				MARKETING_VERSION = 1.0;
				PRODUCT_BUNDLE_IDENTIFIER = "com.mathisViollet.SwiftUi-BLETests";
				PRODUCT_NAME = "$(TARGET_NAME)";
				SWIFT_EMIT_LOC_STRINGS = NO;
				SWIFT_VERSION = 5.0;
				TARGETED_DEVICE_FAMILY = "1,2";
				TEST_HOST = "$(BUILT_PRODUCTS_DIR)/SwiftUi_BLE.app/$(BUNDLE_EXECUTABLE_FOLDER_PATH)/SwiftUi_BLE";
			};
			name = Debug;
		};
		ED4B733E2AF4E6CF004C5825 /* Release */ = {
			isa = XCBuildConfiguration;
			buildSettings = {
				ALWAYS_EMBED_SWIFT_STANDARD_LIBRARIES = YES;
				BUNDLE_LOADER = "$(TEST_HOST)";
				CODE_SIGN_STYLE = Automatic;
				CURRENT_PROJECT_VERSION = 1;
				DEVELOPMENT_TEAM = Z42GVB6VX2;
				GENERATE_INFOPLIST_FILE = YES;
				IPHONEOS_DEPLOYMENT_TARGET = 17.0;
				MARKETING_VERSION = 1.0;
				PRODUCT_BUNDLE_IDENTIFIER = "com.mathisViollet.SwiftUi-BLETests";
				PRODUCT_NAME = "$(TARGET_NAME)";
				SWIFT_EMIT_LOC_STRINGS = NO;
				SWIFT_VERSION = 5.0;
				TARGETED_DEVICE_FAMILY = "1,2";
				TEST_HOST = "$(BUILT_PRODUCTS_DIR)/SwiftUi_BLE.app/$(BUNDLE_EXECUTABLE_FOLDER_PATH)/SwiftUi_BLE";
			};
			name = Release;
		};
		ED4B73402AF4E6CF004C5825 /* Debug */ = {
			isa = XCBuildConfiguration;
			buildSettings = {
				ALWAYS_EMBED_SWIFT_STANDARD_LIBRARIES = YES;
				CODE_SIGN_STYLE = Automatic;
				CURRENT_PROJECT_VERSION = 1;
				DEVELOPMENT_TEAM = Z42GVB6VX2;
				GENERATE_INFOPLIST_FILE = YES;
				MARKETING_VERSION = 1.0;
				PRODUCT_BUNDLE_IDENTIFIER = "com.mathisViollet.SwiftUi-BLEUITests";
				PRODUCT_NAME = "$(TARGET_NAME)";
				SWIFT_EMIT_LOC_STRINGS = NO;
				SWIFT_VERSION = 5.0;
				TARGETED_DEVICE_FAMILY = "1,2";
				TEST_TARGET_NAME = SwiftUi_BLE;
			};
			name = Debug;
		};
		ED4B73412AF4E6CF004C5825 /* Release */ = {
			isa = XCBuildConfiguration;
			buildSettings = {
				ALWAYS_EMBED_SWIFT_STANDARD_LIBRARIES = YES;
				CODE_SIGN_STYLE = Automatic;
				CURRENT_PROJECT_VERSION = 1;
				DEVELOPMENT_TEAM = Z42GVB6VX2;
				GENERATE_INFOPLIST_FILE = YES;
				MARKETING_VERSION = 1.0;
				PRODUCT_BUNDLE_IDENTIFIER = "com.mathisViollet.SwiftUi-BLEUITests";
				PRODUCT_NAME = "$(TARGET_NAME)";
				SWIFT_EMIT_LOC_STRINGS = NO;
				SWIFT_VERSION = 5.0;
				TARGETED_DEVICE_FAMILY = "1,2";
				TEST_TARGET_NAME = SwiftUi_BLE;
			};
			name = Release;
		};
/* End XCBuildConfiguration section */

/* Begin XCConfigurationList section */
		ED4B73102AF4E6CE004C5825 /* Build configuration list for PBXProject "SwiftUi_BLE" */ = {
			isa = XCConfigurationList;
			buildConfigurations = (
				ED4B73372AF4E6CF004C5825 /* Debug */,
				ED4B73382AF4E6CF004C5825 /* Release */,
			);
			defaultConfigurationIsVisible = 0;
			defaultConfigurationName = Release;
		};
		ED4B73392AF4E6CF004C5825 /* Build configuration list for PBXNativeTarget "SwiftUi_BLE" */ = {
			isa = XCConfigurationList;
			buildConfigurations = (
				ED4B733A2AF4E6CF004C5825 /* Debug */,
				ED4B733B2AF4E6CF004C5825 /* Release */,
			);
			defaultConfigurationIsVisible = 0;
			defaultConfigurationName = Release;
		};
		ED4B733C2AF4E6CF004C5825 /* Build configuration list for PBXNativeTarget "SwiftUi_BLETests" */ = {
			isa = XCConfigurationList;
			buildConfigurations = (
				ED4B733D2AF4E6CF004C5825 /* Debug */,
				ED4B733E2AF4E6CF004C5825 /* Release */,
			);
			defaultConfigurationIsVisible = 0;
			defaultConfigurationName = Release;
		};
		ED4B733F2AF4E6CF004C5825 /* Build configuration list for PBXNativeTarget "SwiftUi_BLEUITests" */ = {
			isa = XCConfigurationList;
			buildConfigurations = (
				ED4B73402AF4E6CF004C5825 /* Debug */,
				ED4B73412AF4E6CF004C5825 /* Release */,
			);
			defaultConfigurationIsVisible = 0;
			defaultConfigurationName = Release;
		};
/* End XCConfigurationList section */
	};
	rootObject = ED4B730D2AF4E6CE004C5825 /* Project object */;
}
